{
  "name": "adaptive-eye-cli",
  "version": "0.1.0",
  "lockfileVersion": 3,
  "requires": true,
  "packages": {
    "": {
      "name": "adaptive-eye-cli",
      "version": "0.1.0",
      "bin": {
        "adaptive-eye": "src/cli.js"
      },
      "engines": {
        "node": ">=18"
      }
    }
  }
}
